github.com/thought-machine/go-flags v1.6.2 h1:99GzWMUKHEZ4s3cN6gGR9vV8kAoQqX3QEZ7bBGl+Kfo=
github.com/thought-machine/go-flags v1.6.2/go.mod h1:+r2g8uGwgGM7IGZzmMS97mKBFLDbW6vgFO1jxp0rDmg=
golang.org/x/sys v0.0.0-20201207223542-d4d67f95c62d h1:MiWWjyhUzZ+jvhZvloX6ZrUsdEghn8a64Upd8EMHglE=
golang.org/x/sys v0.0.0-20201207223542-d4d67f95c62d/go.mod h1:h1NjWce9XRLGQEsW7wpKNCjG9DtNlClVuFLEZdDNbEs=
